<?xml version="1.0" encoding="utf-8"?>
<Project ToolsVersion="4.0" xmlns="http://schemas.microsoft.com/developer/msbuild/2003">
  <ItemGroup>
    <Filter Include="소스 파일">
      <UniqueIdentifier>{4FC737F1-C7A5-4376-A066-2A32D752A2FF}</UniqueIdentifier>
      <Extensions>cpp;c;cc;cxx;c++;cppm;ixx;def;odl;idl;hpj;bat;asm;asmx</Extensions>
    </Filter>
    <Filter Include="헤더 파일">
      <UniqueIdentifier>{93995380-89BD-4b04-88EB-625FBE52EBFB}</UniqueIdentifier>
      <Extensions>h;hh;hpp;hxx;h++;hm;inl;inc;ipp;xsd</Extensions>
    </Filter>
    <Filter Include="리소스 파일">
      <UniqueIdentifier>{67DA6AB6-F800-4c08-8B7A-83BB121AAD01}</UniqueIdentifier>
      <Extensions>rc;ico;cur;bmp;dlg;rc2;rct;bin;rgs;gif;jpg;jpeg;jpe;resx;tiff;tif;png;wav;mfcribbon-ms</Extensions>
    </Filter>
  </ItemGroup>
  <ItemGroup>
    <ClCompile Include="main.cpp">
      <Filter>소스 파일</Filter>
    </ClCompile>
    <ClCompile Include="adapterPattern\AdapterOperator.cpp">
      <Filter>소스 파일</Filter>
    </ClCompile>
    <ClCompile Include="bridgePattern\message\EncryptedMessage.cpp">
      <Filter>소스 파일</Filter>
    </ClCompile>
    <ClCompile Include="bridgePattern\message\TextMessage.cpp">
      <Filter>소스 파일</Filter>
    </ClCompile>
    <ClCompile Include="bridgePattern\messageSender\EmailSender.cpp">
      <Filter>소스 파일</Filter>
    </ClCompile>
    <ClCompile Include="bridgePattern\messageSender\SMSSender.cpp">
      <Filter>소스 파일</Filter>
    </ClCompile>
    <ClCompile Include="bridgePattern\BridgeOperator.cpp">
      <Filter>소스 파일</Filter>
    </ClCompile>
    <ClCompile Include="singletonPattern\component\Button.cpp">
      <Filter>소스 파일</Filter>
    </ClCompile>
    <ClCompile Include="singletonPattern\component\Label.cpp">
      <Filter>소스 파일</Filter>
    </ClCompile>
    <ClCompile Include="singletonPattern\theme\Theme.cpp">
      <Filter>소스 파일</Filter>
    </ClCompile>
    <ClCompile Include="singletonPattern\SingletonOperator.cpp">
      <Filter>소스 파일</Filter>
    </ClCompile>
  </ItemGroup>
  <ItemGroup>
    <ClInclude Include="adapterPattern\interface\DisplayAdapter.h">
      <Filter>헤더 파일</Filter>
    </ClInclude>
    <ClInclude Include="adapterPattern\interface\UsbAdapter.h">
      <Filter>헤더 파일</Filter>
    </ClInclude>
    <ClInclude Include="adapterPattern\interface\HdmiAdapter.h">
      <Filter>헤더 파일</Filter>
    </ClInclude>
    <ClInclude Include="adapterPattern\interface\VgaAdapter.h">
      <Filter>헤더 파일</Filter>
    </ClInclude>
    <ClInclude Include="adapterPattern\AdapterOperator.h">
      <Filter>헤더 파일</Filter>
    </ClInclude>
    <ClInclude Include="bridgePattern\message\EncryptedMessage.h">
      <Filter>헤더 파일</Filter>
    </ClInclude>
    <ClInclude Include="bridgePattern\message\Message.h">
      <Filter>헤더 파일</Filter>
    </ClInclude>
    <ClInclude Include="bridgePattern\message\TextMessage.h">
      <Filter>헤더 파일</Filter>
    </ClInclude>
    <ClInclude Include="bridgePattern\messageSender\EmailSender.h">
      <Filter>헤더 파일</Filter>
    </ClInclude>
    <ClInclude Include="bridgePattern\messageSender\MessageSender.h">
      <Filter>헤더 파일</Filter>
    </ClInclude>
    <ClInclude Include="bridgePattern\messageSender\SMSSender.h">
      <Filter>헤더 파일</Filter>
    </ClInclude>
    <ClInclude Include="bridgePattern\BridgeOperator.h">
      <Filter>헤더 파일</Filter>
    </ClInclude>
    <ClInclude Include="singletonPattern\component\Button.h">
      <Filter>헤더 파일</Filter>
    </ClInclude>
    <ClInclude Include="singletonPattern\component\Component.h">
      <Filter>헤더 파일</Filter>
    </ClInclude>
    <ClInclude Include="singletonPattern\component\Label.h">
      <Filter>헤더 파일</Filter>
    </ClInclude>
    <ClInclude Include="singletonPattern\theme\Theme.h">
      <Filter>헤더 파일</Filter>
    </ClInclude>
    <ClInclude Include="singletonPattern\SingletonOperator.h">
      <Filter>헤더 파일</Filter>
    </ClInclude>
  </ItemGroup>
</Project>