<?xml version="1.0" encoding="utf-8"?>
<Project ToolsVersion="4.0" xmlns="http://schemas.microsoft.com/developer/msbuild/2003">
  <ItemGroup>
    <Filter Include="소스 파일">
      <UniqueIdentifier>{4FC737F1-C7A5-4376-A066-2A32D752A2FF}</UniqueIdentifier>
      <Extensions>cpp;c;cc;cxx;c++;cppm;ixx;def;odl;idl;hpj;bat;asm;asmx</Extensions>
    </Filter>
    <Filter Include="헤더 파일">
      <UniqueIdentifier>{93995380-89BD-4b04-88EB-625FBE52EBFB}</UniqueIdentifier>
      <Extensions>h;hh;hpp;hxx;h++;hm;inl;inc;ipp;xsd</Extensions>
    </Filter>
    <Filter Include="리소스 파일">
      <UniqueIdentifier>{67DA6AB6-F800-4c08-8B7A-83BB121AAD01}</UniqueIdentifier>
      <Extensions>rc;ico;cur;bmp;dlg;rc2;rct;bin;rgs;gif;jpg;jpeg;jpe;resx;tiff;tif;png;wav;mfcribbon-ms</Extensions>
    </Filter>
  </ItemGroup>
  <ItemGroup>
    <ClCompile Include="main.cpp">
      <Filter>소스 파일</Filter>
    </ClCompile>
    <ClCompile Include="adapterPattern\AdapterOperator.cpp">
      <Filter>소스 파일</Filter>
    </ClCompile>
    <ClCompile Include="bridgePattern\message\EncryptedMessage.cpp">
      <Filter>소스 파일</Filter>
    </ClCompile>
    <ClCompile Include="bridgePattern\message\TextMessage.cpp">
      <Filter>소스 파일</Filter>
    </ClCompile>
    <ClCompile Include="bridgePattern\messageSender\EmailSender.cpp">
      <Filter>소스 파일</Filter>
    </ClCompile>
    <ClCompile Include="bridgePattern\messageSender\SMSSender.cpp">
      <Filter>소스 파일</Filter>
    </ClCompile>
    <ClCompile Include="bridgePattern\BridgeOperator.cpp">
      <Filter>소스 파일</Filter>
    </ClCompile>
    <ClCompile Include="singletonPattern\component\Button.cpp">
      <Filter>소스 파일</Filter>
    </ClCompile>
    <ClCompile Include="singletonPattern\component\Label.cpp">
      <Filter>소스 파일</Filter>
    </ClCompile>
    <ClCompile Include="singletonPattern\theme\Theme.cpp">
      <Filter>소스 파일</Filter>
    </ClCompile>
    <ClCompile Include="singletonPattern\SingletonOperator.cpp">
      <Filter>소스 파일</Filter>
    </ClCompile>
    <ClCompile Include="factoryMethodPattern\financialInfo\FinancialInfo.cpp">
      <Filter>소스 파일</Filter>
    </ClCompile>
    <ClCompile Include="factoryMethodPattern\payment\BankTransferPayment.cpp">
      <Filter>소스 파일</Filter>
    </ClCompile>
    <ClCompile Include="factoryMethodPattern\payment\CreditCardPayment.cpp">
      <Filter>소스 파일</Filter>
    </ClCompile>
    <ClCompile Include="factoryMethodPattern\payment\PayPalPayment.cpp">
      <Filter>소스 파일</Filter>
    </ClCompile>
    <ClCompile Include="factoryMethodPattern\paymentFactory\BankTransferPaymentFactory.cpp">
      <Filter>소스 파일</Filter>
    </ClCompile>
    <ClCompile Include="factoryMethodPattern\paymentFactory\CreditCardPaymentFactory.cpp">
      <Filter>소스 파일</Filter>
    </ClCompile>
    <ClCompile Include="factoryMethodPattern\paymentFactory\PayPalPaymentFactory.cpp">
      <Filter>소스 파일</Filter>
    </ClCompile>
    <ClCompile Include="factoryMethodPattern\FactoryMethodOperator.cpp">
      <Filter>소스 파일</Filter>
    </ClCompile>
    <ClCompile Include="proxyPattern\ProxyOperator.cpp">
      <Filter>소스 파일</Filter>
    </ClCompile>
    <ClCompile Include="proxyPattern\image\implement\RealImage.cpp">
      <Filter>소스 파일</Filter>
    </ClCompile>
    <ClCompile Include="proxyPattern\image\proxy\ProxyImage.cpp">
      <Filter>소스 파일</Filter>
    </ClCompile>
    <ClCompile Include="proxyPattern\bankAccount\implement\RealBankAccount.cpp">
      <Filter>소스 파일</Filter>
    </ClCompile>
    <ClCompile Include="proxyPattern\bankAccount\proxy\ProxyBankAccount.cpp">
      <Filter>소스 파일</Filter>
    </ClCompile>
    <ClCompile Include="observerPattern\news\observer\NewChannel.cpp">
      <Filter>소스 파일</Filter>
    </ClCompile>
    <ClCompile Include="observerPattern\news\subject\NewsAgencty.cpp">
      <Filter>소스 파일</Filter>
    </ClCompile>
    <ClCompile Include="observerPattern\ObserverOperator.cpp">
      <Filter>소스 파일</Filter>
    </ClCompile>
    <ClCompile Include="flyweightPattern\font\factory\FontFactory.cpp">
      <Filter>소스 파일</Filter>
    </ClCompile>
    <ClCompile Include="flyweightPattern\font\implement\ConcreteFont.cpp">
      <Filter>소스 파일</Filter>
    </ClCompile>
    <ClCompile Include="flyweightPattern\FlyweightOperator.cpp">
      <Filter>소스 파일</Filter>
    </ClCompile>
    <ClCompile Include="abstractFactoryPattern\database\databaseClient\DatabaseClient.cpp">
      <Filter>소스 파일</Filter>
    </ClCompile>
    <ClCompile Include="abstractFactoryPattern\database\mysql\command\MySQLCommand.cpp">
      <Filter>소스 파일</Filter>
    </ClCompile>
    <ClCompile Include="abstractFactoryPattern\database\mysql\connection\MySQLConnection.cpp">
      <Filter>소스 파일</Filter>
    </ClCompile>
    <ClCompile Include="abstractFactoryPattern\database\mysql\factory\MySQLFactory.cpp">
      <Filter>소스 파일</Filter>
    </ClCompile>
    <ClCompile Include="abstractFactoryPattern\database\mysql\resultSet\MySQLResultSet.cpp">
      <Filter>소스 파일</Filter>
    </ClCompile>
    <ClCompile Include="abstractFactoryPattern\database\postgresql\command\PostgreSQLCommand.cpp">
      <Filter>소스 파일</Filter>
    </ClCompile>
    <ClCompile Include="abstractFactoryPattern\database\postgresql\connection\PostgreSQLConnection.cpp">
      <Filter>소스 파일</Filter>
    </ClCompile>
    <ClCompile Include="abstractFactoryPattern\database\postgresql\factory\PostgreSQLFactory.cpp">
      <Filter>소스 파일</Filter>
    </ClCompile>
    <ClCompile Include="abstractFactoryPattern\database\postgresql\resultSet\PostgreSQLResultSet.cpp">
      <Filter>소스 파일</Filter>
    </ClCompile>
    <ClCompile Include="abstractFactoryPattern\AbstractFactoryOperator.cpp">
      <Filter>소스 파일</Filter>
    </ClCompile>
    <ClCompile Include="mediatorPattern\airportMediator\AirportControlTower.cpp">
      <Filter>소스 파일</Filter>
    </ClCompile>
    <ClCompile Include="mediatorPattern\flight\Flight.cpp">
      <Filter>소스 파일</Filter>
    </ClCompile>
    <ClCompile Include="mediatorPattern\runway\Runway.cpp">
      <Filter>소스 파일</Filter>
    </ClCompile>
    <ClCompile Include="mediatorPattern\MediatorOperator.cpp">
      <Filter>소스 파일</Filter>
    </ClCompile>
    <ClCompile Include="builderPattern\BuilderOperator.cpp">
      <Filter>소스 파일</Filter>
    </ClCompile>
    <ClCompile Include="builderPattern\httpRequest\HttpRequest.cpp">
      <Filter>소스 파일</Filter>
    </ClCompile>
    <ClCompile Include="decoratorPattern\text\domain\PlainText.cpp">
      <Filter>소스 파일</Filter>
    </ClCompile>
    <ClCompile Include="decoratorPattern\text\decorator\TextDecorator.cpp">
      <Filter>소스 파일</Filter>
    </ClCompile>
    <ClCompile Include="decoratorPattern\text\decorator\BoldDecorator.cpp">
      <Filter>소스 파일</Filter>
    </ClCompile>
    <ClCompile Include="decoratorPattern\text\decorator\ItalicDecorator.cpp">
      <Filter>소스 파일</Filter>
    </ClCompile>
    <ClCompile Include="decoratorPattern\text\decorator\UnderlineDecorator.cpp">
      <Filter>소스 파일</Filter>
    </ClCompile>
    <ClCompile Include="decoratorPattern\DecoratorOperator.cpp">
      <Filter>소스 파일</Filter>
    </ClCompile>
    <ClCompile Include="commandPattern\command\DeleteTextCommand.cpp">
      <Filter>소스 파일</Filter>
    </ClCompile>
    <ClCompile Include="commandPattern\command\InsertTextCommand.cpp">
      <Filter>소스 파일</Filter>
    </ClCompile>
    <ClCompile Include="commandPattern\editor\TextEditor.cpp">
      <Filter>소스 파일</Filter>
    </ClCompile>
    <ClCompile Include="commandPattern\invoker\TextEditorInvoker.cpp">
      <Filter>소스 파일</Filter>
    </ClCompile>
    <ClCompile Include="commandPattern\CommandOperator.cpp">
      <Filter>소스 파일</Filter>
    </ClCompile>
  </ItemGroup>
  <ItemGroup>
    <ClInclude Include="adapterPattern\interface\DisplayAdapter.h">
      <Filter>헤더 파일</Filter>
    </ClInclude>
    <ClInclude Include="adapterPattern\interface\UsbAdapter.h">
      <Filter>헤더 파일</Filter>
    </ClInclude>
    <ClInclude Include="adapterPattern\interface\HdmiAdapter.h">
      <Filter>헤더 파일</Filter>
    </ClInclude>
    <ClInclude Include="adapterPattern\interface\VgaAdapter.h">
      <Filter>헤더 파일</Filter>
    </ClInclude>
    <ClInclude Include="adapterPattern\AdapterOperator.h">
      <Filter>헤더 파일</Filter>
    </ClInclude>
    <ClInclude Include="bridgePattern\message\EncryptedMessage.h">
      <Filter>헤더 파일</Filter>
    </ClInclude>
    <ClInclude Include="bridgePattern\message\Message.h">
      <Filter>헤더 파일</Filter>
    </ClInclude>
    <ClInclude Include="bridgePattern\message\TextMessage.h">
      <Filter>헤더 파일</Filter>
    </ClInclude>
    <ClInclude Include="bridgePattern\messageSender\EmailSender.h">
      <Filter>헤더 파일</Filter>
    </ClInclude>
    <ClInclude Include="bridgePattern\messageSender\MessageSender.h">
      <Filter>헤더 파일</Filter>
    </ClInclude>
    <ClInclude Include="bridgePattern\messageSender\SMSSender.h">
      <Filter>헤더 파일</Filter>
    </ClInclude>
    <ClInclude Include="bridgePattern\BridgeOperator.h">
      <Filter>헤더 파일</Filter>
    </ClInclude>
    <ClInclude Include="singletonPattern\component\Button.h">
      <Filter>헤더 파일</Filter>
    </ClInclude>
    <ClInclude Include="singletonPattern\component\Component.h">
      <Filter>헤더 파일</Filter>
    </ClInclude>
    <ClInclude Include="singletonPattern\component\Label.h">
      <Filter>헤더 파일</Filter>
    </ClInclude>
    <ClInclude Include="singletonPattern\theme\Theme.h">
      <Filter>헤더 파일</Filter>
    </ClInclude>
    <ClInclude Include="singletonPattern\SingletonOperator.h">
      <Filter>헤더 파일</Filter>
    </ClInclude>
    <ClInclude Include="factoryMethodPattern\financialInfo\FinancialInfo.h">
      <Filter>헤더 파일</Filter>
    </ClInclude>
    <ClInclude Include="factoryMethodPattern\payment\BankTransferPayment.h">
      <Filter>헤더 파일</Filter>
    </ClInclude>
    <ClInclude Include="factoryMethodPattern\payment\CreditCardPayment.h">
      <Filter>헤더 파일</Filter>
    </ClInclude>
    <ClInclude Include="factoryMethodPattern\payment\Payment.h">
      <Filter>헤더 파일</Filter>
    </ClInclude>
    <ClInclude Include="factoryMethodPattern\payment\PayPalPayment.h">
      <Filter>헤더 파일</Filter>
    </ClInclude>
    <ClInclude Include="factoryMethodPattern\paymentFactory\BankTransferPaymentFactory.h">
      <Filter>헤더 파일</Filter>
    </ClInclude>
    <ClInclude Include="factoryMethodPattern\paymentFactory\CreditCardPaymentFactory.h">
      <Filter>헤더 파일</Filter>
    </ClInclude>
    <ClInclude Include="factoryMethodPattern\paymentFactory\PaymentFactory.h">
      <Filter>헤더 파일</Filter>
    </ClInclude>
    <ClInclude Include="factoryMethodPattern\paymentFactory\PayPalPaymentFactory.h">
      <Filter>헤더 파일</Filter>
    </ClInclude>
    <ClInclude Include="factoryMethodPattern\FactoryMethodOperator.h">
      <Filter>헤더 파일</Filter>
    </ClInclude>
    <ClInclude Include="proxyPattern\implement\RealImage.h">
      <Filter>헤더 파일</Filter>
    </ClInclude>
    <ClInclude Include="proxyPattern\proxy\ProxyImage.h">
      <Filter>헤더 파일</Filter>
    </ClInclude>
    <ClInclude Include="proxyPattern\subject\Image.h">
      <Filter>헤더 파일</Filter>
    </ClInclude>
    <ClInclude Include="proxyPattern\ProxyOperator.h">
      <Filter>헤더 파일</Filter>
    </ClInclude>
    <ClInclude Include="proxyPattern\image\implement\RealImage.h">
      <Filter>헤더 파일</Filter>
    </ClInclude>
    <ClInclude Include="proxyPattern\image\proxy\ProxyImage.h">
      <Filter>헤더 파일</Filter>
    </ClInclude>
    <ClInclude Include="proxyPattern\image\subject\Image.h">
      <Filter>헤더 파일</Filter>
    </ClInclude>
    <ClInclude Include="proxyPattern\bankAccount\implement\RealBankAccount.h">
      <Filter>헤더 파일</Filter>
    </ClInclude>
    <ClInclude Include="proxyPattern\bankAccount\proxy\ProxyBankAccount.h">
      <Filter>헤더 파일</Filter>
    </ClInclude>
    <ClInclude Include="proxyPattern\bankAccount\subject\BankAccount.h">
      <Filter>헤더 파일</Filter>
    </ClInclude>
    <ClInclude Include="observerPattern\news\observer\NewsChannel.h">
      <Filter>헤더 파일</Filter>
    </ClInclude>
    <ClInclude Include="observerPattern\news\observer\Observer.h">
      <Filter>헤더 파일</Filter>
    </ClInclude>
    <ClInclude Include="observerPattern\news\subject\NewsAgency.h">
      <Filter>헤더 파일</Filter>
    </ClInclude>
    <ClInclude Include="observerPattern\news\subject\Subject.h">
      <Filter>헤더 파일</Filter>
    </ClInclude>
    <ClInclude Include="observerPattern\ObserverOperator.h">
      <Filter>헤더 파일</Filter>
    </ClInclude>
    <ClInclude Include="flyweightPattern\font\factory\FontFactory.h">
      <Filter>헤더 파일</Filter>
    </ClInclude>
    <ClInclude Include="flyweightPattern\font\implement\ConcreteFont.h">
      <Filter>헤더 파일</Filter>
    </ClInclude>
    <ClInclude Include="flyweightPattern\font\interface\Font.h">
      <Filter>헤더 파일</Filter>
    </ClInclude>
    <ClInclude Include="flyweightPattern\flyweightOperator.h">
      <Filter>헤더 파일</Filter>
    </ClInclude>
    <ClInclude Include="abstractFactoryPattern\database\databaseClient\DatabaseClient.h">
      <Filter>헤더 파일</Filter>
    </ClInclude>
    <ClInclude Include="abstractFactoryPattern\database\interface\Command.h">
      <Filter>헤더 파일</Filter>
    </ClInclude>
    <ClInclude Include="abstractFactoryPattern\database\interface\Connection.h">
      <Filter>헤더 파일</Filter>
    </ClInclude>
    <ClInclude Include="abstractFactoryPattern\database\interface\DatabaseFactory.h">
      <Filter>헤더 파일</Filter>
    </ClInclude>
    <ClInclude Include="abstractFactoryPattern\database\interface\ResultSet.h">
      <Filter>헤더 파일</Filter>
    </ClInclude>
    <ClInclude Include="abstractFactoryPattern\database\mysql\command\MySQLCommand.h">
      <Filter>헤더 파일</Filter>
    </ClInclude>
    <ClInclude Include="abstractFactoryPattern\database\mysql\connection\MySQLConnection.h">
      <Filter>헤더 파일</Filter>
    </ClInclude>
    <ClInclude Include="abstractFactoryPattern\database\mysql\factory\MySQLFactory.h">
      <Filter>헤더 파일</Filter>
    </ClInclude>
    <ClInclude Include="abstractFactoryPattern\database\mysql\resultSet\MySQLResultSet.h">
      <Filter>헤더 파일</Filter>
    </ClInclude>
    <ClInclude Include="abstractFactoryPattern\database\postgresql\command\PostgreSQLCommand.h">
      <Filter>헤더 파일</Filter>
    </ClInclude>
    <ClInclude Include="abstractFactoryPattern\database\postgresql\connection\PostgreSQLConnection.h">
      <Filter>헤더 파일</Filter>
    </ClInclude>
    <ClInclude Include="abstractFactoryPattern\database\postgresql\factory\PostgreSQLFactory.h">
      <Filter>헤더 파일</Filter>
    </ClInclude>
    <ClInclude Include="abstractFactoryPattern\database\postgresql\resultSet\PostgreSQLResultSet.h">
      <Filter>헤더 파일</Filter>
    </ClInclude>
    <ClInclude Include="abstractFactoryPattern\AbstractFactoryOperator.h">
      <Filter>헤더 파일</Filter>
    </ClInclude>
    <ClInclude Include="mediatorPattern\airportMediator\AirportControlTower.h">
      <Filter>헤더 파일</Filter>
    </ClInclude>
    <ClInclude Include="mediatorPattern\airportMediator\AirportMediator.h">
      <Filter>헤더 파일</Filter>
    </ClInclude>
    <ClInclude Include="mediatorPattern\flight\Flight.h">
      <Filter>헤더 파일</Filter>
    </ClInclude>
    <ClInclude Include="mediatorPattern\runway\Runway.h">
      <Filter>헤더 파일</Filter>
    </ClInclude>
    <ClInclude Include="mediatorPattern\MediatorOperator.h">
      <Filter>헤더 파일</Filter>
    </ClInclude>
    <ClInclude Include="builderPattern\BuilderOperator.h">
      <Filter>헤더 파일</Filter>
    </ClInclude>
    <ClInclude Include="builderPattern\httpRequest\HttpRequest.h">
      <Filter>헤더 파일</Filter>
    </ClInclude>
    <ClInclude Include="decoratorPattern\text\domain\Text.h">
      <Filter>헤더 파일</Filter>
    </ClInclude>
    <ClInclude Include="decoratorPattern\text\domain\PlainText.h">
      <Filter>헤더 파일</Filter>
    </ClInclude>
    <ClInclude Include="decoratorPattern\text\decorator\TextDecorator.h">
      <Filter>헤더 파일</Filter>
    </ClInclude>
    <ClInclude Include="decoratorPattern\text\decorator\BoldDecorator.h">
      <Filter>헤더 파일</Filter>
    </ClInclude>
    <ClInclude Include="decoratorPattern\text\decorator\ItalicDecorator.h">
      <Filter>헤더 파일</Filter>
    </ClInclude>
    <ClInclude Include="decoratorPattern\text\decorator\UnderlineDecorator.h">
      <Filter>헤더 파일</Filter>
    </ClInclude>
    <ClInclude Include="decoratorPattern\DecoratorOperator.h">
      <Filter>헤더 파일</Filter>
    </ClInclude>
    <ClInclude Include="commandPattern\command\Command.h">
      <Filter>헤더 파일</Filter>
    </ClInclude>
    <ClInclude Include="commandPattern\command\DeleteTextCommand.h">
      <Filter>헤더 파일</Filter>
    </ClInclude>
    <ClInclude Include="commandPattern\command\InsertTextCommand.h">
      <Filter>헤더 파일</Filter>
    </ClInclude>
    <ClInclude Include="commandPattern\editor\TextEditor.h">
      <Filter>헤더 파일</Filter>
    </ClInclude>
    <ClInclude Include="commandPattern\invoker\TextEditorInvoker.h">
      <Filter>헤더 파일</Filter>
    </ClInclude>
    <ClInclude Include="commandPattern\CommandOperator.h">
      <Filter>헤더 파일</Filter>
    </ClInclude>
  </ItemGroup>
</Project>